{
  "version": 4,
  "terraform_version": "1.7.5",
  "serial": 1356,
  "lineage": "36916fa3-49fe-c43a-6027-3e3626bdca3e",
  "outputs": {
    "ping_output": {
      "value": "PING 10.0.1.101 (10.0.1.101) 56(84) bytes of data.\n64 bytes from 10.0.1.101: icmp_seq=1 ttl=64 time=0.894 ms\n64 bytes from 10.0.1.101: icmp_seq=2 ttl=64 time=0.983 ms\n64 bytes from 10.0.1.101: icmp_seq=3 ttl=64 time=2.28 ms\n64 bytes from 10.0.1.101: icmp_seq=4 ttl=64 time=4.14 ms\n\n--- 10.0.1.101 ping statistics ---\n4 packets transmitted, 4 received, 0% packet loss, time 3035ms\nrtt min/avg/max/mdev = 0.894/2.072/4.136/1.311 ms\nPING 10.0.1.100 (10.0.1.100) 56(84) bytes of data.\n64 bytes from 10.0.1.100: icmp_seq=1 ttl=64 time=3.60 ms\n64 bytes from 10.0.1.100: icmp_seq=2 ttl=64 time=1.88 ms\n64 bytes from 10.0.1.100: icmp_seq=3 ttl=64 time=1.45 ms\n64 bytes from 10.0.1.100: icmp_seq=4 ttl=64 time=1.85 ms\n\n--- 10.0.1.100 ping statistics ---\n4 packets transmitted, 4 received, 0% packet loss, time 3005ms\nrtt min/avg/max/mdev = 1.446/2.192/3.595/0.827 ms\n",
      "type": "string"
    }
  },
  "resources": [
    {
      "mode": "data",
      "type": "azurerm_public_ip",
      "name": "my-ip",
      "provider": "provider[\"registry.terraform.io/hashicorp/azurerm\"]",
      "instances": [
        {
          "index_key": 0,
          "schema_version": 0,
          "attributes": {
            "allocation_method": "Dynamic",
            "ddos_protection_mode": "VirtualNetworkInherited",
            "ddos_protection_plan_id": null,
            "domain_name_label": "",
            "fqdn": "",
            "id": "/subscriptions/9d4f812d-5529-4d45-bfc7-7d2383adce4a/resourceGroups/test-rg/providers/Microsoft.Network/publicIPAddresses/myPublicIP-0",
            "idle_timeout_in_minutes": 4,
            "ip_address": "20.171.153.7",
            "ip_tags": {},
            "ip_version": "IPv4",
            "location": "westus3",
            "name": "myPublicIP-0",
            "resource_group_name": "test-rg",
            "reverse_fqdn": "",
            "sku": "Basic",
            "tags": {},
            "timeouts": null,
            "zones": []
          },
          "sensitive_attributes": []
        },
        {
          "index_key": 1,
          "schema_version": 0,
          "attributes": {
            "allocation_method": "Dynamic",
            "ddos_protection_mode": "VirtualNetworkInherited",
            "ddos_protection_plan_id": null,
            "domain_name_label": "",
            "fqdn": "",
            "id": "/subscriptions/9d4f812d-5529-4d45-bfc7-7d2383adce4a/resourceGroups/test-rg/providers/Microsoft.Network/publicIPAddresses/myPublicIP-1",
            "idle_timeout_in_minutes": 4,
            "ip_address": "20.171.153.5",
            "ip_tags": {},
            "ip_version": "IPv4",
            "location": "westus3",
            "name": "myPublicIP-1",
            "resource_group_name": "test-rg",
            "reverse_fqdn": "",
            "sku": "Basic",
            "tags": {},
            "timeouts": null,
            "zones": []
          },
          "sensitive_attributes": []
        }
      ]
    },
    {
      "mode": "managed",
      "type": "azurerm_linux_virtual_machine",
      "name": "example",
      "provider": "provider[\"registry.terraform.io/hashicorp/azurerm\"]",
      "instances": [
        {
          "index_key": 0,
          "schema_version": 0,
          "attributes": {
            "additional_capabilities": [],
            "admin_password": "D$Y\u0026rdxf=Nf:h6=i",
            "admin_ssh_key": [
              {
                "public_key": "ssh-rsa AAAAB3NzaC1yc2EAAAADAQABAAABgQDczSOMPsdctxeh/nSq4Ag20RGVi1edPEaVOpcASBkeW6RpB6s3SC+N0fIAvgc2yORkcp2pX36yu93ALalJY3Dcw9m7MxYyMmBvirxI3eUv5dsG9VtyCTMnhTl7/dD/AbOhNQntSVT2n4xBOn2MsTIoyddf421Nd0hRjyCb6xtkgCQI2D7DrLP+7nX45AGrnvPU4Ich3d8CVBTxP1eZkLt+IznpztGUgCqCJhzDhD41u+PCFGEfF4Lf/k5gqRFwbDlQViaDIZgC4OkUumcz/+Yd+CGvJIN91C/ESfjoxqNAukNWG2XCavmlrPu9Il1Zrl4mZ0dLGqypVo6Bf+uy8CVkxp/KAnYHjoP5kN6ZjYuAeaz2MUuMdeOHVBL0elBJe53fvludZH9AG2CRQUYI1PPPEQ+Y0f3yoQiyEsjiAtol/Ni9roZ+eHlA5NISG+Y74JO0ijmUONu7qRhzIqyLovg+Jx57z5Gq2vfWVoteVu2zINoml49eKxBMEWPgu8qv+n0= alex@LAPTOP-FBOTJF89\n",
                "username": "adminuser"
              }
            ],
            "admin_username": "adminuser",
            "allow_extension_operations": true,
            "availability_set_id": "",
            "boot_diagnostics": [],
            "bypass_platform_safety_checks_on_user_schedule_enabled": false,
            "capacity_reservation_group_id": "",
            "computer_name": "hostname",
            "custom_data": null,
            "dedicated_host_group_id": "",
            "dedicated_host_id": "",
            "disable_password_authentication": true,
            "disk_controller_type": "",
            "edge_zone": "",
            "encryption_at_host_enabled": false,
            "eviction_policy": "",
            "extensions_time_budget": "PT1H30M",
            "gallery_application": [],
            "id": "/subscriptions/9d4f812d-5529-4d45-bfc7-7d2383adce4a/resourceGroups/test-rg/providers/Microsoft.Compute/virtualMachines/ping-vm-0",
            "identity": [],
            "license_type": "",
            "location": "westus3",
            "max_bid_price": -1,
            "name": "ping-vm-0",
            "network_interface_ids": [
              "/subscriptions/9d4f812d-5529-4d45-bfc7-7d2383adce4a/resourceGroups/test-rg/providers/Microsoft.Network/networkInterfaces/test-nic-0"
            ],
            "os_disk": [
              {
                "caching": "ReadWrite",
                "diff_disk_settings": [],
                "disk_encryption_set_id": "",
                "disk_size_gb": 30,
                "name": "myOsDisk-0",
                "secure_vm_disk_encryption_set_id": "",
                "security_encryption_type": "",
                "storage_account_type": "Premium_LRS",
                "write_accelerator_enabled": false
              }
            ],
            "os_image_notification": [],
            "patch_assessment_mode": "ImageDefault",
            "patch_mode": "ImageDefault",
            "plan": [],
            "platform_fault_domain": -1,
            "priority": "Regular",
            "private_ip_address": "10.0.1.100",
            "private_ip_addresses": [
              "10.0.1.100"
            ],
            "provision_vm_agent": true,
            "proximity_placement_group_id": "",
            "public_ip_address": "20.171.153.7",
            "public_ip_addresses": [
              "20.171.153.7"
            ],
            "reboot_setting": "",
            "resource_group_name": "test-rg",
            "secret": [],
            "secure_boot_enabled": false,
            "size": "Standard_B1ls",
            "source_image_id": "",
            "source_image_reference": [
              {
                "offer": "0001-com-ubuntu-server-jammy",
                "publisher": "Canonical",
                "sku": "22_04-lts",
                "version": "latest"
              }
            ],
            "tags": null,
            "termination_notification": null,
            "timeouts": null,
            "user_data": "",
            "virtual_machine_id": "dd1e1889-5024-49cb-bd83-12f16bebba40",
            "virtual_machine_scale_set_id": "",
            "vm_agent_platform_updates_enabled": false,
            "vtpm_enabled": false,
            "zone": ""
          },
          "sensitive_attributes": [
            [
              {
                "type": "get_attr",
                "value": "admin_password"
              }
            ]
          ],
          "private": "eyJlMmJmYjczMC1lY2FhLTExZTYtOGY4OC0zNDM2M2JjN2M0YzAiOnsiY3JlYXRlIjoyNzAwMDAwMDAwMDAwLCJkZWxldGUiOjI3MDAwMDAwMDAwMDAsInJlYWQiOjMwMDAwMDAwMDAwMCwidXBkYXRlIjoyNzAwMDAwMDAwMDAwfX0=",
          "dependencies": [
            "azurerm_network_interface.nics",
            "azurerm_public_ip.my_terraform_public_ip",
            "azurerm_resource_group.test-rg",
            "azurerm_subnet.test-network-subnet",
            "azurerm_virtual_network.test-network",
            "random_password.vm_password"
          ]
        },
        {
          "index_key": 1,
          "schema_version": 0,
          "attributes": {
            "additional_capabilities": [],
            "admin_password": ")S4}JLjp4z}C29Fa",
            "admin_ssh_key": [
              {
                "public_key": "ssh-rsa AAAAB3NzaC1yc2EAAAADAQABAAABgQDczSOMPsdctxeh/nSq4Ag20RGVi1edPEaVOpcASBkeW6RpB6s3SC+N0fIAvgc2yORkcp2pX36yu93ALalJY3Dcw9m7MxYyMmBvirxI3eUv5dsG9VtyCTMnhTl7/dD/AbOhNQntSVT2n4xBOn2MsTIoyddf421Nd0hRjyCb6xtkgCQI2D7DrLP+7nX45AGrnvPU4Ich3d8CVBTxP1eZkLt+IznpztGUgCqCJhzDhD41u+PCFGEfF4Lf/k5gqRFwbDlQViaDIZgC4OkUumcz/+Yd+CGvJIN91C/ESfjoxqNAukNWG2XCavmlrPu9Il1Zrl4mZ0dLGqypVo6Bf+uy8CVkxp/KAnYHjoP5kN6ZjYuAeaz2MUuMdeOHVBL0elBJe53fvludZH9AG2CRQUYI1PPPEQ+Y0f3yoQiyEsjiAtol/Ni9roZ+eHlA5NISG+Y74JO0ijmUONu7qRhzIqyLovg+Jx57z5Gq2vfWVoteVu2zINoml49eKxBMEWPgu8qv+n0= alex@LAPTOP-FBOTJF89\n",
                "username": "adminuser"
              }
            ],
            "admin_username": "adminuser",
            "allow_extension_operations": true,
            "availability_set_id": "",
            "boot_diagnostics": [],
            "bypass_platform_safety_checks_on_user_schedule_enabled": false,
            "capacity_reservation_group_id": "",
            "computer_name": "hostname",
            "custom_data": null,
            "dedicated_host_group_id": "",
            "dedicated_host_id": "",
            "disable_password_authentication": true,
            "disk_controller_type": "",
            "edge_zone": "",
            "encryption_at_host_enabled": false,
            "eviction_policy": "",
            "extensions_time_budget": "PT1H30M",
            "gallery_application": [],
            "id": "/subscriptions/9d4f812d-5529-4d45-bfc7-7d2383adce4a/resourceGroups/test-rg/providers/Microsoft.Compute/virtualMachines/ping-vm-1",
            "identity": [],
            "license_type": "",
            "location": "westus3",
            "max_bid_price": -1,
            "name": "ping-vm-1",
            "network_interface_ids": [
              "/subscriptions/9d4f812d-5529-4d45-bfc7-7d2383adce4a/resourceGroups/test-rg/providers/Microsoft.Network/networkInterfaces/test-nic-1"
            ],
            "os_disk": [
              {
                "caching": "ReadWrite",
                "diff_disk_settings": [],
                "disk_encryption_set_id": "",
                "disk_size_gb": 30,
                "name": "myOsDisk-1",
                "secure_vm_disk_encryption_set_id": "",
                "security_encryption_type": "",
                "storage_account_type": "Premium_LRS",
                "write_accelerator_enabled": false
              }
            ],
            "os_image_notification": [],
            "patch_assessment_mode": "ImageDefault",
            "patch_mode": "ImageDefault",
            "plan": [],
            "platform_fault_domain": -1,
            "priority": "Regular",
            "private_ip_address": "10.0.1.101",
            "private_ip_addresses": [
              "10.0.1.101"
            ],
            "provision_vm_agent": true,
            "proximity_placement_group_id": "",
            "public_ip_address": "20.171.153.5",
            "public_ip_addresses": [
              "20.171.153.5"
            ],
            "reboot_setting": "",
            "resource_group_name": "test-rg",
            "secret": [],
            "secure_boot_enabled": false,
            "size": "Standard_B1ls",
            "source_image_id": "",
            "source_image_reference": [
              {
                "offer": "0001-com-ubuntu-server-jammy",
                "publisher": "Canonical",
                "sku": "22_04-lts",
                "version": "latest"
              }
            ],
            "tags": null,
            "termination_notification": null,
            "timeouts": null,
            "user_data": "",
            "virtual_machine_id": "a946363a-1ab4-444a-bd7f-12bec3788758",
            "virtual_machine_scale_set_id": "",
            "vm_agent_platform_updates_enabled": false,
            "vtpm_enabled": false,
            "zone": ""
          },
          "sensitive_attributes": [
            [
              {
                "type": "get_attr",
                "value": "admin_password"
              }
            ]
          ],
          "private": "eyJlMmJmYjczMC1lY2FhLTExZTYtOGY4OC0zNDM2M2JjN2M0YzAiOnsiY3JlYXRlIjoyNzAwMDAwMDAwMDAwLCJkZWxldGUiOjI3MDAwMDAwMDAwMDAsInJlYWQiOjMwMDAwMDAwMDAwMCwidXBkYXRlIjoyNzAwMDAwMDAwMDAwfX0=",
          "dependencies": [
            "azurerm_network_interface.nics",
            "azurerm_public_ip.my_terraform_public_ip",
            "azurerm_resource_group.test-rg",
            "azurerm_subnet.test-network-subnet",
            "azurerm_virtual_network.test-network",
            "random_password.vm_password"
          ]
        }
      ]
    },
    {
      "mode": "managed",
      "type": "azurerm_network_interface",
      "name": "nics",
      "provider": "provider[\"registry.terraform.io/hashicorp/azurerm\"]",
      "instances": [
        {
          "index_key": 0,
          "schema_version": 0,
          "attributes": {
            "applied_dns_servers": [],
            "auxiliary_mode": "",
            "auxiliary_sku": "",
            "dns_servers": [],
            "edge_zone": "",
            "enable_accelerated_networking": false,
            "enable_ip_forwarding": false,
            "id": "/subscriptions/9d4f812d-5529-4d45-bfc7-7d2383adce4a/resourceGroups/test-rg/providers/Microsoft.Network/networkInterfaces/test-nic-0",
            "internal_dns_name_label": "",
            "internal_domain_name_suffix": "j2idk3ikhjdu5ouhf3ujx1sywe.phxx.internal.cloudapp.net",
            "ip_configuration": [
              {
                "gateway_load_balancer_frontend_ip_configuration_id": "",
                "name": "internal",
                "primary": true,
                "private_ip_address": "10.0.1.100",
                "private_ip_address_allocation": "Static",
                "private_ip_address_version": "IPv4",
                "public_ip_address_id": "/subscriptions/9d4f812d-5529-4d45-bfc7-7d2383adce4a/resourceGroups/test-rg/providers/Microsoft.Network/publicIPAddresses/myPublicIP-0",
                "subnet_id": "/subscriptions/9d4f812d-5529-4d45-bfc7-7d2383adce4a/resourceGroups/test-rg/providers/Microsoft.Network/virtualNetworks/test-network/subnets/SubnetA"
              }
            ],
            "location": "westus3",
            "mac_address": "",
            "name": "test-nic-0",
            "private_ip_address": "10.0.1.100",
            "private_ip_addresses": [
              "10.0.1.100"
            ],
            "resource_group_name": "test-rg",
            "tags": null,
            "timeouts": null,
            "virtual_machine_id": ""
          },
          "sensitive_attributes": [],
          "private": "eyJlMmJmYjczMC1lY2FhLTExZTYtOGY4OC0zNDM2M2JjN2M0YzAiOnsiY3JlYXRlIjoxODAwMDAwMDAwMDAwLCJkZWxldGUiOjE4MDAwMDAwMDAwMDAsInJlYWQiOjMwMDAwMDAwMDAwMCwidXBkYXRlIjoxODAwMDAwMDAwMDAwfX0=",
          "dependencies": [
            "azurerm_public_ip.my_terraform_public_ip",
            "azurerm_resource_group.test-rg",
            "azurerm_subnet.test-network-subnet",
            "azurerm_virtual_network.test-network"
          ]
        },
        {
          "index_key": 1,
          "schema_version": 0,
          "attributes": {
            "applied_dns_servers": [],
            "auxiliary_mode": "",
            "auxiliary_sku": "",
            "dns_servers": [],
            "edge_zone": "",
            "enable_accelerated_networking": false,
            "enable_ip_forwarding": false,
            "id": "/subscriptions/9d4f812d-5529-4d45-bfc7-7d2383adce4a/resourceGroups/test-rg/providers/Microsoft.Network/networkInterfaces/test-nic-1",
            "internal_dns_name_label": "",
            "internal_domain_name_suffix": "j2idk3ikhjdu5ouhf3ujx1sywe.phxx.internal.cloudapp.net",
            "ip_configuration": [
              {
                "gateway_load_balancer_frontend_ip_configuration_id": "",
                "name": "internal",
                "primary": true,
                "private_ip_address": "10.0.1.101",
                "private_ip_address_allocation": "Static",
                "private_ip_address_version": "IPv4",
                "public_ip_address_id": "/subscriptions/9d4f812d-5529-4d45-bfc7-7d2383adce4a/resourceGroups/test-rg/providers/Microsoft.Network/publicIPAddresses/myPublicIP-1",
                "subnet_id": "/subscriptions/9d4f812d-5529-4d45-bfc7-7d2383adce4a/resourceGroups/test-rg/providers/Microsoft.Network/virtualNetworks/test-network/subnets/SubnetA"
              }
            ],
            "location": "westus3",
            "mac_address": "",
            "name": "test-nic-1",
            "private_ip_address": "10.0.1.101",
            "private_ip_addresses": [
              "10.0.1.101"
            ],
            "resource_group_name": "test-rg",
            "tags": null,
            "timeouts": null,
            "virtual_machine_id": ""
          },
          "sensitive_attributes": [],
          "private": "eyJlMmJmYjczMC1lY2FhLTExZTYtOGY4OC0zNDM2M2JjN2M0YzAiOnsiY3JlYXRlIjoxODAwMDAwMDAwMDAwLCJkZWxldGUiOjE4MDAwMDAwMDAwMDAsInJlYWQiOjMwMDAwMDAwMDAwMCwidXBkYXRlIjoxODAwMDAwMDAwMDAwfX0=",
          "dependencies": [
            "azurerm_public_ip.my_terraform_public_ip",
            "azurerm_resource_group.test-rg",
            "azurerm_subnet.test-network-subnet",
            "azurerm_virtual_network.test-network"
          ]
        }
      ]
    },
    {
      "mode": "managed",
      "type": "azurerm_network_interface_security_group_association",
      "name": "sec-grp-assoc",
      "provider": "provider[\"registry.terraform.io/hashicorp/azurerm\"]",
      "instances": [
        {
          "index_key": 0,
          "schema_version": 0,
          "attributes": {
            "id": "/subscriptions/9d4f812d-5529-4d45-bfc7-7d2383adce4a/resourceGroups/test-rg/providers/Microsoft.Network/networkInterfaces/test-nic-0|/subscriptions/9d4f812d-5529-4d45-bfc7-7d2383adce4a/resourceGroups/test-rg/providers/Microsoft.Network/networkSecurityGroups/mySG",
            "network_interface_id": "/subscriptions/9d4f812d-5529-4d45-bfc7-7d2383adce4a/resourceGroups/test-rg/providers/Microsoft.Network/networkInterfaces/test-nic-0",
            "network_security_group_id": "/subscriptions/9d4f812d-5529-4d45-bfc7-7d2383adce4a/resourceGroups/test-rg/providers/Microsoft.Network/networkSecurityGroups/mySG",
            "timeouts": null
          },
          "sensitive_attributes": [],
          "private": "eyJlMmJmYjczMC1lY2FhLTExZTYtOGY4OC0zNDM2M2JjN2M0YzAiOnsiY3JlYXRlIjoxODAwMDAwMDAwMDAwLCJkZWxldGUiOjE4MDAwMDAwMDAwMDAsInJlYWQiOjMwMDAwMDAwMDAwMH19",
          "dependencies": [
            "azurerm_network_interface.nics",
            "azurerm_network_security_group.test-sec-group",
            "azurerm_public_ip.my_terraform_public_ip",
            "azurerm_resource_group.test-rg",
            "azurerm_subnet.test-network-subnet",
            "azurerm_virtual_network.test-network"
          ]
        },
        {
          "index_key": 1,
          "schema_version": 0,
          "attributes": {
            "id": "/subscriptions/9d4f812d-5529-4d45-bfc7-7d2383adce4a/resourceGroups/test-rg/providers/Microsoft.Network/networkInterfaces/test-nic-1|/subscriptions/9d4f812d-5529-4d45-bfc7-7d2383adce4a/resourceGroups/test-rg/providers/Microsoft.Network/networkSecurityGroups/mySG",
            "network_interface_id": "/subscriptions/9d4f812d-5529-4d45-bfc7-7d2383adce4a/resourceGroups/test-rg/providers/Microsoft.Network/networkInterfaces/test-nic-1",
            "network_security_group_id": "/subscriptions/9d4f812d-5529-4d45-bfc7-7d2383adce4a/resourceGroups/test-rg/providers/Microsoft.Network/networkSecurityGroups/mySG",
            "timeouts": null
          },
          "sensitive_attributes": [],
          "private": "eyJlMmJmYjczMC1lY2FhLTExZTYtOGY4OC0zNDM2M2JjN2M0YzAiOnsiY3JlYXRlIjoxODAwMDAwMDAwMDAwLCJkZWxldGUiOjE4MDAwMDAwMDAwMDAsInJlYWQiOjMwMDAwMDAwMDAwMH19",
          "dependencies": [
            "azurerm_network_interface.nics",
            "azurerm_network_security_group.test-sec-group",
            "azurerm_public_ip.my_terraform_public_ip",
            "azurerm_resource_group.test-rg",
            "azurerm_subnet.test-network-subnet",
            "azurerm_virtual_network.test-network"
          ]
        }
      ]
    },
    {
      "mode": "managed",
      "type": "azurerm_network_security_group",
      "name": "test-sec-group",
      "provider": "provider[\"registry.terraform.io/hashicorp/azurerm\"]",
      "instances": [
        {
          "schema_version": 0,
          "attributes": {
            "id": "/subscriptions/9d4f812d-5529-4d45-bfc7-7d2383adce4a/resourceGroups/test-rg/providers/Microsoft.Network/networkSecurityGroups/mySG",
            "location": "westus3",
            "name": "mySG",
            "resource_group_name": "test-rg",
            "security_rule": [
              {
                "access": "Allow",
                "description": "",
                "destination_address_prefix": "*",
                "destination_address_prefixes": [],
                "destination_application_security_group_ids": [],
                "destination_port_range": "22",
                "destination_port_ranges": [],
                "direction": "Inbound",
                "name": "SSH",
                "priority": 1001,
                "protocol": "Tcp",
                "source_address_prefix": "*",
                "source_address_prefixes": [],
                "source_application_security_group_ids": [],
                "source_port_range": "*",
                "source_port_ranges": []
              }
            ],
            "tags": null,
            "timeouts": null
          },
          "sensitive_attributes": [],
          "private": "eyJlMmJmYjczMC1lY2FhLTExZTYtOGY4OC0zNDM2M2JjN2M0YzAiOnsiY3JlYXRlIjoxODAwMDAwMDAwMDAwLCJkZWxldGUiOjE4MDAwMDAwMDAwMDAsInJlYWQiOjMwMDAwMDAwMDAwMCwidXBkYXRlIjoxODAwMDAwMDAwMDAwfX0=",
          "dependencies": [
            "azurerm_resource_group.test-rg"
          ]
        }
      ]
    },
    {
      "mode": "managed",
      "type": "azurerm_public_ip",
      "name": "my_terraform_public_ip",
      "provider": "provider[\"registry.terraform.io/hashicorp/azurerm\"]",
      "instances": [
        {
          "index_key": 0,
          "schema_version": 0,
          "attributes": {
            "allocation_method": "Dynamic",
            "ddos_protection_mode": "VirtualNetworkInherited",
            "ddos_protection_plan_id": null,
            "domain_name_label": null,
            "edge_zone": "",
            "fqdn": null,
            "id": "/subscriptions/9d4f812d-5529-4d45-bfc7-7d2383adce4a/resourceGroups/test-rg/providers/Microsoft.Network/publicIPAddresses/myPublicIP-0",
            "idle_timeout_in_minutes": 4,
            "ip_address": "",
            "ip_tags": null,
            "ip_version": "IPv4",
            "location": "westus3",
            "name": "myPublicIP-0",
            "public_ip_prefix_id": null,
            "resource_group_name": "test-rg",
            "reverse_fqdn": null,
            "sku": "Basic",
            "sku_tier": "Regional",
            "tags": null,
            "timeouts": {
              "create": "10m",
              "delete": "5m",
              "read": null,
              "update": "5m"
            },
            "zones": null
          },
          "sensitive_attributes": [],
          "private": "eyJlMmJmYjczMC1lY2FhLTExZTYtOGY4OC0zNDM2M2JjN2M0YzAiOnsiY3JlYXRlIjo2MDAwMDAwMDAwMDAsImRlbGV0ZSI6MzAwMDAwMDAwMDAwLCJyZWFkIjozMDAwMDAwMDAwMDAsInVwZGF0ZSI6MzAwMDAwMDAwMDAwfX0=",
          "dependencies": [
            "azurerm_resource_group.test-rg",
            "azurerm_subnet.test-network-subnet",
            "azurerm_virtual_network.test-network"
          ]
        },
        {
          "index_key": 1,
          "schema_version": 0,
          "attributes": {
            "allocation_method": "Dynamic",
            "ddos_protection_mode": "VirtualNetworkInherited",
            "ddos_protection_plan_id": null,
            "domain_name_label": null,
            "edge_zone": "",
            "fqdn": null,
            "id": "/subscriptions/9d4f812d-5529-4d45-bfc7-7d2383adce4a/resourceGroups/test-rg/providers/Microsoft.Network/publicIPAddresses/myPublicIP-1",
            "idle_timeout_in_minutes": 4,
            "ip_address": "",
            "ip_tags": null,
            "ip_version": "IPv4",
            "location": "westus3",
            "name": "myPublicIP-1",
            "public_ip_prefix_id": null,
            "resource_group_name": "test-rg",
            "reverse_fqdn": null,
            "sku": "Basic",
            "sku_tier": "Regional",
            "tags": null,
            "timeouts": {
              "create": "10m",
              "delete": "5m",
              "read": null,
              "update": "5m"
            },
            "zones": null
          },
          "sensitive_attributes": [],
          "private": "eyJlMmJmYjczMC1lY2FhLTExZTYtOGY4OC0zNDM2M2JjN2M0YzAiOnsiY3JlYXRlIjo2MDAwMDAwMDAwMDAsImRlbGV0ZSI6MzAwMDAwMDAwMDAwLCJyZWFkIjozMDAwMDAwMDAwMDAsInVwZGF0ZSI6MzAwMDAwMDAwMDAwfX0=",
          "dependencies": [
            "azurerm_resource_group.test-rg",
            "azurerm_subnet.test-network-subnet",
            "azurerm_virtual_network.test-network"
          ]
        }
      ]
    },
    {
      "mode": "managed",
      "type": "azurerm_resource_group",
      "name": "test-rg",
      "provider": "provider[\"registry.terraform.io/hashicorp/azurerm\"]",
      "instances": [
        {
          "schema_version": 0,
          "attributes": {
            "id": "/subscriptions/9d4f812d-5529-4d45-bfc7-7d2383adce4a/resourceGroups/test-rg",
            "location": "westus3",
            "managed_by": "",
            "name": "test-rg",
            "tags": null,
            "timeouts": null
          },
          "sensitive_attributes": [],
          "private": "eyJlMmJmYjczMC1lY2FhLTExZTYtOGY4OC0zNDM2M2JjN2M0YzAiOnsiY3JlYXRlIjo1NDAwMDAwMDAwMDAwLCJkZWxldGUiOjU0MDAwMDAwMDAwMDAsInJlYWQiOjMwMDAwMDAwMDAwMCwidXBkYXRlIjo1NDAwMDAwMDAwMDAwfX0="
        }
      ]
    },
    {
      "mode": "managed",
      "type": "azurerm_subnet",
      "name": "test-network-subnet",
      "provider": "provider[\"registry.terraform.io/hashicorp/azurerm\"]",
      "instances": [
        {
          "schema_version": 0,
          "attributes": {
            "address_prefixes": [
              "10.0.1.0/24"
            ],
            "delegation": [],
            "enforce_private_link_endpoint_network_policies": false,
            "enforce_private_link_service_network_policies": false,
            "id": "/subscriptions/9d4f812d-5529-4d45-bfc7-7d2383adce4a/resourceGroups/test-rg/providers/Microsoft.Network/virtualNetworks/test-network/subnets/SubnetA",
            "name": "SubnetA",
            "private_endpoint_network_policies_enabled": true,
            "private_link_service_network_policies_enabled": true,
            "resource_group_name": "test-rg",
            "service_endpoint_policy_ids": null,
            "service_endpoints": null,
            "timeouts": null,
            "virtual_network_name": "test-network"
          },
          "sensitive_attributes": [],
          "private": "eyJlMmJmYjczMC1lY2FhLTExZTYtOGY4OC0zNDM2M2JjN2M0YzAiOnsiY3JlYXRlIjoxODAwMDAwMDAwMDAwLCJkZWxldGUiOjE4MDAwMDAwMDAwMDAsInJlYWQiOjMwMDAwMDAwMDAwMCwidXBkYXRlIjoxODAwMDAwMDAwMDAwfX0=",
          "dependencies": [
            "azurerm_resource_group.test-rg",
            "azurerm_virtual_network.test-network"
          ]
        }
      ]
    },
    {
      "mode": "managed",
      "type": "azurerm_virtual_network",
      "name": "test-network",
      "provider": "provider[\"registry.terraform.io/hashicorp/azurerm\"]",
      "instances": [
        {
          "schema_version": 0,
          "attributes": {
            "address_space": [
              "10.0.0.0/16"
            ],
            "bgp_community": "",
            "ddos_protection_plan": [],
            "dns_servers": [],
            "edge_zone": "",
            "encryption": [],
            "flow_timeout_in_minutes": 0,
            "guid": "7535104f-3a0a-4f47-ba87-2f689bee58b4",
            "id": "/subscriptions/9d4f812d-5529-4d45-bfc7-7d2383adce4a/resourceGroups/test-rg/providers/Microsoft.Network/virtualNetworks/test-network",
            "location": "westus3",
            "name": "test-network",
            "resource_group_name": "test-rg",
            "subnet": [],
            "tags": null,
            "timeouts": null
          },
          "sensitive_attributes": [],
          "private": "eyJlMmJmYjczMC1lY2FhLTExZTYtOGY4OC0zNDM2M2JjN2M0YzAiOnsiY3JlYXRlIjoxODAwMDAwMDAwMDAwLCJkZWxldGUiOjE4MDAwMDAwMDAwMDAsInJlYWQiOjMwMDAwMDAwMDAwMCwidXBkYXRlIjoxODAwMDAwMDAwMDAwfX0=",
          "dependencies": [
            "azurerm_resource_group.test-rg"
          ]
        }
      ]
    },
    {
      "mode": "managed",
      "type": "local_file",
      "name": "create_file",
      "provider": "provider[\"registry.terraform.io/hashicorp/local\"]",
      "instances": [
        {
          "schema_version": 0,
          "attributes": {
            "content": "",
            "content_base64": null,
            "content_base64sha256": "47DEQpj8HBSa+/TImW+5JCeuQeRkm5NMpJWZG3hSuFU=",
            "content_base64sha512": "z4PhNX7vuL3xVChQ1m2AB9Yg5AULVxXcg/SpIdNs6c5H0NE8XYXysP+DGNKHfuwvY7kxvUdBeoGlODJ6+SfaPg==",
            "content_md5": "d41d8cd98f00b204e9800998ecf8427e",
            "content_sha1": "da39a3ee5e6b4b0d3255bfef95601890afd80709",
            "content_sha256": "e3b0c44298fc1c149afbf4c8996fb92427ae41e4649b934ca495991b7852b855",
            "content_sha512": "cf83e1357eefb8bdf1542850d66d8007d620e4050b5715dc83f4a921d36ce9ce47d0d13c5d85f2b0ff8318d2877eec2f63b931bd47417a81a538327af927da3e",
            "directory_permission": "0777",
            "file_permission": "0777",
            "filename": "./output-folder/combined_output.txt",
            "id": "da39a3ee5e6b4b0d3255bfef95601890afd80709",
            "sensitive_content": null,
            "source": null
          },
          "sensitive_attributes": []
        }
      ]
    },
    {
      "mode": "managed",
      "type": "null_resource",
      "name": "combine_files",
      "provider": "provider[\"registry.terraform.io/hashicorp/null\"]",
      "instances": [
        {
          "schema_version": 0,
          "attributes": {
            "id": "1912439033589636571",
            "triggers": {
              "always_run": "2024-03-17T19:02:03Z"
            }
          },
          "sensitive_attributes": [],
          "dependencies": [
            "azurerm_linux_virtual_machine.example",
            "azurerm_network_interface.nics",
            "azurerm_public_ip.my_terraform_public_ip",
            "azurerm_resource_group.test-rg",
            "azurerm_subnet.test-network-subnet",
            "azurerm_virtual_network.test-network",
            "data.azurerm_public_ip.my-ip",
            "local_file.create_file",
            "null_resource.ping_command",
            "random_password.vm_password",
            "time_sleep.wait_60_seconds_creation"
          ]
        }
      ]
    },
    {
      "mode": "managed",
      "type": "null_resource",
      "name": "ping_command",
      "provider": "provider[\"registry.terraform.io/hashicorp/null\"]",
      "instances": [
        {
          "index_key": 0,
          "schema_version": 0,
          "attributes": {
            "id": "7004724800365972625",
            "triggers": {
              "public_ip": ""
            }
          },
          "sensitive_attributes": [],
          "dependencies": [
            "azurerm_linux_virtual_machine.example",
            "azurerm_network_interface.nics",
            "azurerm_public_ip.my_terraform_public_ip",
            "azurerm_resource_group.test-rg",
            "azurerm_subnet.test-network-subnet",
            "azurerm_virtual_network.test-network",
            "data.azurerm_public_ip.my-ip",
            "random_password.vm_password",
            "time_sleep.wait_60_seconds_creation"
          ]
        },
        {
          "index_key": 1,
          "schema_version": 0,
          "attributes": {
            "id": "2327483165811038727",
            "triggers": {
              "public_ip": ""
            }
          },
          "sensitive_attributes": [],
          "dependencies": [
            "azurerm_linux_virtual_machine.example",
            "azurerm_network_interface.nics",
            "azurerm_public_ip.my_terraform_public_ip",
            "azurerm_resource_group.test-rg",
            "azurerm_subnet.test-network-subnet",
            "azurerm_virtual_network.test-network",
            "data.azurerm_public_ip.my-ip",
            "random_password.vm_password",
            "time_sleep.wait_60_seconds_creation"
          ]
        }
      ]
    },
    {
      "mode": "managed",
      "type": "random_password",
      "name": "vm_password",
      "provider": "provider[\"registry.terraform.io/hashicorp/random\"]",
      "instances": [
        {
          "index_key": 0,
          "schema_version": 3,
          "attributes": {
            "bcrypt_hash": "$2a$10$Tx7I8EWgbe8fGAP3Ik9u2.EamIagHgWti7oncbEcIqqe5WAOVMnMu",
            "id": "none",
            "keepers": null,
            "length": 16,
            "lower": true,
            "min_lower": 0,
            "min_numeric": 0,
            "min_special": 0,
            "min_upper": 0,
            "number": true,
            "numeric": true,
            "override_special": "!#$%\u0026*()-_=+[]{}\u003c\u003e:?",
            "result": "D$Y\u0026rdxf=Nf:h6=i",
            "special": true,
            "upper": true
          },
          "sensitive_attributes": []
        },
        {
          "index_key": 1,
          "schema_version": 3,
          "attributes": {
            "bcrypt_hash": "$2a$10$XWr.dcPQa/KLVl1wmZn/R.9Z6s2ulCWSBgOWOmGALqHMfWRduyu/.",
            "id": "none",
            "keepers": null,
            "length": 16,
            "lower": true,
            "min_lower": 0,
            "min_numeric": 0,
            "min_special": 0,
            "min_upper": 0,
            "number": true,
            "numeric": true,
            "override_special": "!#$%\u0026*()-_=+[]{}\u003c\u003e:?",
            "result": ")S4}JLjp4z}C29Fa",
            "special": true,
            "upper": true
          },
          "sensitive_attributes": []
        }
      ]
    },
    {
      "mode": "managed",
      "type": "time_sleep",
      "name": "wait_5_seconds",
      "provider": "provider[\"registry.terraform.io/hashicorp/time\"]",
      "instances": [
        {
          "schema_version": 0,
          "attributes": {
            "create_duration": "5s",
            "destroy_duration": null,
            "id": "2024-03-17T19:02:08Z",
            "triggers": null
          },
          "sensitive_attributes": [],
          "dependencies": [
            "azurerm_linux_virtual_machine.example",
            "azurerm_network_interface.nics",
            "azurerm_public_ip.my_terraform_public_ip",
            "azurerm_resource_group.test-rg",
            "azurerm_subnet.test-network-subnet",
            "azurerm_virtual_network.test-network",
            "data.azurerm_public_ip.my-ip",
            "local_file.create_file",
            "null_resource.combine_files",
            "null_resource.ping_command",
            "random_password.vm_password",
            "time_sleep.wait_60_seconds_creation"
          ]
        }
      ]
    },
    {
      "mode": "managed",
      "type": "time_sleep",
      "name": "wait_60_seconds_creation",
      "provider": "provider[\"registry.terraform.io/hashicorp/time\"]",
      "instances": [
        {
          "schema_version": 0,
          "attributes": {
            "create_duration": "60s",
            "destroy_duration": null,
            "id": "2024-03-17T19:01:51Z",
            "triggers": null
          },
          "sensitive_attributes": [],
          "dependencies": [
            "azurerm_linux_virtual_machine.example",
            "azurerm_network_interface.nics",
            "azurerm_public_ip.my_terraform_public_ip",
            "azurerm_resource_group.test-rg",
            "azurerm_subnet.test-network-subnet",
            "azurerm_virtual_network.test-network",
            "random_password.vm_password"
          ]
        }
      ]
    }
  ],
  "check_results": null
}
